DEPENDENCIES
  awesome_customers_rhel
    path: .
    metadata: true

GRAPH
  apt (4.0.1)
    compat_resource (>= 12.10)
  awesome_customers_rhel (0.1.0)
    database (~> 5.1.2)
    firewall (~> 2.4.0)
    httpd (~> 0.3.5)
    mysql (~> 7.0.0)
    mysql2_chef_gem (~> 1.1.0)
    selinux (~> 0.9.0)
  build-essential (6.0.0)
    compat_resource (>= 12.10)
    mingw (>= 1.1)
    seven_zip (>= 0.0.0)
  chef-sugar (3.4.0)
  chef_handler (1.4.0)
  compat_resource (12.10.7)
  database (5.1.2)
    postgresql (>= 1.0.0)
  firewall (2.4.0)
    chef-sugar (>= 0.0.0)
  httpd (0.3.6)
    compat_resource (>= 12.5.11)
  mariadb (0.3.1)
    apt (>= 0.0.0)
    yum (>= 0.0.0)
    yum-epel (>= 0.0.0)
  mingw (1.2.2)
    compat_resource (>= 0.0.0)
    seven_zip (>= 0.0.0)
  mysql (7.0.0)
    smf (>= 0.0.0)
    yum-mysql-community (>= 0.0.0)
  mysql2_chef_gem (1.1.0)
    build-essential (>= 0.0.0)
    mariadb (>= 0.0.0)
    mysql (>= 6.0)
  openssl (4.4.0)
    chef-sugar (>= 3.1.1)
  postgresql (4.0.6)
    apt (>= 1.9.0)
    build-essential (>= 0.0.0)
    openssl (~> 4.0)
  rbac (1.0.3)
  selinux (0.9.0)
  seven_zip (2.0.1)
    windows (>= 1.2.2)
  smf (2.2.8)
    rbac (>= 1.0.1)
  windows (1.44.1)
    chef_handler (>= 0.0.0)
  yum (3.11.0)
  yum-epel (0.7.0)
    yum (>= 3.6.3)
  yum-mysql-community (0.2.0)
    yum (>= 3.2)
